// !$*UTF8*$!
{
	archiveVersion = 1;
	classes = {
	};
	objectVersion = 46;
	objects = {

/* Begin PBXBuildFile section */
		111BC795A96CBBA8EBA93A2F /* libPods-ReactNativeCyber.a in Frameworks */ = {isa = PBXBuildFile; fileRef = F223B65F1657331FEE4B6A30 /* libPods-ReactNativeCyber.a */; };
		DF2DA2882A82704700F1A0B6 /* ViewController.swift in Sources */ = {isa = PBXBuildFile; fileRef = DF2DA26F2A82704700F1A0B6 /* ViewController.swift */; };
		DF2DA2892A82704700F1A0B6 /* CaptureContext.swift in Sources */ = {isa = PBXBuildFile; fileRef = DF2DA2702A82704700F1A0B6 /* CaptureContext.swift */; };
		DF2DA28A2A82704700F1A0B6 /* FlexCaptureContext.swift in Sources */ = {isa = PBXBuildFile; fileRef = DF2DA2722A82704700F1A0B6 /* FlexCaptureContext.swift */; };
		DF2DA28B2A82704700F1A0B6 /* URLSessionHTTPClient.swift in Sources */ = {isa = PBXBuildFile; fileRef = DF2DA2732A82704700F1A0B6 /* URLSessionHTTPClient.swift */; };
		DF2DA28C2A82704700F1A0B6 /* SessionDataMapper.swift in Sources */ = {isa = PBXBuildFile; fileRef = DF2DA2742A82704700F1A0B6 /* SessionDataMapper.swift */; };
		DF2DA28D2A82704700F1A0B6 /* HTTPSignature.swift in Sources */ = {isa = PBXBuildFile; fileRef = DF2DA2762A82704700F1A0B6 /* HTTPSignature.swift */; };
		DF2DA28E2A82704700F1A0B6 /* SignatureGenerator.swift in Sources */ = {isa = PBXBuildFile; fileRef = DF2DA2772A82704700F1A0B6 /* SignatureGenerator.swift */; };
		DF2DA28F2A82704700F1A0B6 /* PayloadUtility.swift in Sources */ = {isa = PBXBuildFile; fileRef = DF2DA2782A82704700F1A0B6 /* PayloadUtility.swift */; };
		DF2DA2902A82704700F1A0B6 /* PayloadDigest.swift in Sources */ = {isa = PBXBuildFile; fileRef = DF2DA2792A82704700F1A0B6 /* PayloadDigest.swift */; };
		DF2DA2912A82704700F1A0B6 /* RemoteSessionData.swift in Sources */ = {isa = PBXBuildFile; fileRef = DF2DA27A2A82704700F1A0B6 /* RemoteSessionData.swift */; };
		DF2DA2922A82704700F1A0B6 /* HTTPClient.swift in Sources */ = {isa = PBXBuildFile; fileRef = DF2DA27B2A82704700F1A0B6 /* HTTPClient.swift */; };
		DF2DA2932A82704700F1A0B6 /* FlexSessionCreator.swift in Sources */ = {isa = PBXBuildFile; fileRef = DF2DA27C2A82704700F1A0B6 /* FlexSessionCreator.swift */; };
		DF2DA2942A82704700F1A0B6 /* Environment.swift in Sources */ = {isa = PBXBuildFile; fileRef = DF2DA27E2A82704700F1A0B6 /* Environment.swift */; };
		DF2DA2952A82704700F1A0B6 /* ApiConfig.swift in Sources */ = {isa = PBXBuildFile; fileRef = DF2DA27F2A82704700F1A0B6 /* ApiConfig.swift */; };
		DF2DA2962A82704700F1A0B6 /* CaptureContextData.swift in Sources */ = {isa = PBXBuildFile; fileRef = DF2DA2802A82704700F1A0B6 /* CaptureContextData.swift */; };
		DF2DA2972A82704700F1A0B6 /* SessionData.swift in Sources */ = {isa = PBXBuildFile; fileRef = DF2DA2812A82704700F1A0B6 /* SessionData.swift */; };
		DF2DA2982A82704700F1A0B6 /* Constants.swift in Sources */ = {isa = PBXBuildFile; fileRef = DF2DA2832A82704700F1A0B6 /* Constants.swift */; };
		DF2DA2992A82704700F1A0B6 /* FlexSDKCardFieldsValidator.swift in Sources */ = {isa = PBXBuildFile; fileRef = DF2DA2842A82704700F1A0B6 /* FlexSDKCardFieldsValidator.swift */; };
		DF2DA29A2A82704700F1A0B6 /* FlexSDKStringValidator.swift in Sources */ = {isa = PBXBuildFile; fileRef = DF2DA2852A82704700F1A0B6 /* FlexSDKStringValidator.swift */; };
		DF2DA29B2A82704700F1A0B6 /* TokenResponseViewController.swift in Sources */ = {isa = PBXBuildFile; fileRef = DF2DA2862A82704700F1A0B6 /* TokenResponseViewController.swift */; };
		DF2DA29C2A82704700F1A0B6 /* SceneDelegate.swift in Sources */ = {isa = PBXBuildFile; fileRef = DF2DA2872A82704700F1A0B6 /* SceneDelegate.swift */; };
		F4FF95D7245B92E800C19C63 /* ReactNativeCyber.swift in Sources */ = {isa = PBXBuildFile; fileRef = F4FF95D6245B92E800C19C63 /* ReactNativeCyber.swift */; };
/* End PBXBuildFile section */

/* Begin PBXCopyFilesBuildPhase section */
		58B511D91A9E6C8500147676 /* CopyFiles */ = {
			isa = PBXCopyFilesBuildPhase;
			buildActionMask = 2147483647;
			dstPath = "include/$(PRODUCT_NAME)";
			dstSubfolderSpec = 16;
			files = (
			);
			runOnlyForDeploymentPostprocessing = 0;
		};
/* End PBXCopyFilesBuildPhase section */

/* Begin PBXFileReference section */
		134814201AA4EA6300B7C361 /* libReactNativeCyber.a */ = {isa = PBXFileReference; explicitFileType = archive.ar; includeInIndex = 0; path = libReactNativeCyber.a; sourceTree = BUILT_PRODUCTS_DIR; };
		8E3F8AEAF61A20FE5C6D60D6 /* Pods-ReactNativeCyber.release.xcconfig */ = {isa = PBXFileReference; includeInIndex = 1; lastKnownFileType = text.xcconfig; name = "Pods-ReactNativeCyber.release.xcconfig"; path = "Target Support Files/Pods-ReactNativeCyber/Pods-ReactNativeCyber.release.xcconfig"; sourceTree = "<group>"; };
		B3E7B5891CC2AC0600A0062D /* ReactNativeCyber.m */ = {isa = PBXFileReference; fileEncoding = 4; lastKnownFileType = sourcecode.c.objc; path = ReactNativeCyber.m; sourceTree = "<group>"; };
		DF2DA26F2A82704700F1A0B6 /* ViewController.swift */ = {isa = PBXFileReference; fileEncoding = 4; lastKnownFileType = sourcecode.swift; path = ViewController.swift; sourceTree = "<group>"; };
		DF2DA2702A82704700F1A0B6 /* CaptureContext.swift */ = {isa = PBXFileReference; fileEncoding = 4; lastKnownFileType = sourcecode.swift; path = CaptureContext.swift; sourceTree = "<group>"; };
		DF2DA2722A82704700F1A0B6 /* FlexCaptureContext.swift */ = {isa = PBXFileReference; fileEncoding = 4; lastKnownFileType = sourcecode.swift; path = FlexCaptureContext.swift; sourceTree = "<group>"; };
		DF2DA2732A82704700F1A0B6 /* URLSessionHTTPClient.swift */ = {isa = PBXFileReference; fileEncoding = 4; lastKnownFileType = sourcecode.swift; path = URLSessionHTTPClient.swift; sourceTree = "<group>"; };
		DF2DA2742A82704700F1A0B6 /* SessionDataMapper.swift */ = {isa = PBXFileReference; fileEncoding = 4; lastKnownFileType = sourcecode.swift; path = SessionDataMapper.swift; sourceTree = "<group>"; };
		DF2DA2762A82704700F1A0B6 /* HTTPSignature.swift */ = {isa = PBXFileReference; fileEncoding = 4; lastKnownFileType = sourcecode.swift; path = HTTPSignature.swift; sourceTree = "<group>"; };
		DF2DA2772A82704700F1A0B6 /* SignatureGenerator.swift */ = {isa = PBXFileReference; fileEncoding = 4; lastKnownFileType = sourcecode.swift; path = SignatureGenerator.swift; sourceTree = "<group>"; };
		DF2DA2782A82704700F1A0B6 /* PayloadUtility.swift */ = {isa = PBXFileReference; fileEncoding = 4; lastKnownFileType = sourcecode.swift; path = PayloadUtility.swift; sourceTree = "<group>"; };
		DF2DA2792A82704700F1A0B6 /* PayloadDigest.swift */ = {isa = PBXFileReference; fileEncoding = 4; lastKnownFileType = sourcecode.swift; path = PayloadDigest.swift; sourceTree = "<group>"; };
		DF2DA27A2A82704700F1A0B6 /* RemoteSessionData.swift */ = {isa = PBXFileReference; fileEncoding = 4; lastKnownFileType = sourcecode.swift; path = RemoteSessionData.swift; sourceTree = "<group>"; };
		DF2DA27B2A82704700F1A0B6 /* HTTPClient.swift */ = {isa = PBXFileReference; fileEncoding = 4; lastKnownFileType = sourcecode.swift; path = HTTPClient.swift; sourceTree = "<group>"; };
		DF2DA27C2A82704700F1A0B6 /* FlexSessionCreator.swift */ = {isa = PBXFileReference; fileEncoding = 4; lastKnownFileType = sourcecode.swift; path = FlexSessionCreator.swift; sourceTree = "<group>"; };
		DF2DA27E2A82704700F1A0B6 /* Environment.swift */ = {isa = PBXFileReference; fileEncoding = 4; lastKnownFileType = sourcecode.swift; path = Environment.swift; sourceTree = "<group>"; };
		DF2DA27F2A82704700F1A0B6 /* ApiConfig.swift */ = {isa = PBXFileReference; fileEncoding = 4; lastKnownFileType = sourcecode.swift; path = ApiConfig.swift; sourceTree = "<group>"; };
		DF2DA2802A82704700F1A0B6 /* CaptureContextData.swift */ = {isa = PBXFileReference; fileEncoding = 4; lastKnownFileType = sourcecode.swift; path = CaptureContextData.swift; sourceTree = "<group>"; };
		DF2DA2812A82704700F1A0B6 /* SessionData.swift */ = {isa = PBXFileReference; fileEncoding = 4; lastKnownFileType = sourcecode.swift; path = SessionData.swift; sourceTree = "<group>"; };
		DF2DA2832A82704700F1A0B6 /* Constants.swift */ = {isa = PBXFileReference; fileEncoding = 4; lastKnownFileType = sourcecode.swift; path = Constants.swift; sourceTree = "<group>"; };
		DF2DA2842A82704700F1A0B6 /* FlexSDKCardFieldsValidator.swift */ = {isa = PBXFileReference; fileEncoding = 4; lastKnownFileType = sourcecode.swift; path = FlexSDKCardFieldsValidator.swift; sourceTree = "<group>"; };
		DF2DA2852A82704700F1A0B6 /* FlexSDKStringValidator.swift */ = {isa = PBXFileReference; fileEncoding = 4; lastKnownFileType = sourcecode.swift; path = FlexSDKStringValidator.swift; sourceTree = "<group>"; };
		DF2DA2862A82704700F1A0B6 /* TokenResponseViewController.swift */ = {isa = PBXFileReference; fileEncoding = 4; lastKnownFileType = sourcecode.swift; path = TokenResponseViewController.swift; sourceTree = "<group>"; };
		DF2DA2872A82704700F1A0B6 /* SceneDelegate.swift */ = {isa = PBXFileReference; fileEncoding = 4; lastKnownFileType = sourcecode.swift; path = SceneDelegate.swift; sourceTree = "<group>"; };
		F223B65F1657331FEE4B6A30 /* libPods-ReactNativeCyber.a */ = {isa = PBXFileReference; explicitFileType = archive.ar; includeInIndex = 0; path = "libPods-ReactNativeCyber.a"; sourceTree = BUILT_PRODUCTS_DIR; };
		F4219AA9D5F18730A128624F /* Pods-ReactNativeCyber.debug.xcconfig */ = {isa = PBXFileReference; includeInIndex = 1; lastKnownFileType = text.xcconfig; name = "Pods-ReactNativeCyber.debug.xcconfig"; path = "Target Support Files/Pods-ReactNativeCyber/Pods-ReactNativeCyber.debug.xcconfig"; sourceTree = "<group>"; };
		F4FF95D5245B92E700C19C63 /* ReactNativeCyber-Bridging-Header.h */ = {isa = PBXFileReference; lastKnownFileType = sourcecode.c.h; path = "ReactNativeCyber-Bridging-Header.h"; sourceTree = "<group>"; };
		F4FF95D6245B92E800C19C63 /* ReactNativeCyber.swift */ = {isa = PBXFileReference; lastKnownFileType = sourcecode.swift; path = ReactNativeCyber.swift; sourceTree = "<group>"; };
/* End PBXFileReference section */

/* Begin PBXFrameworksBuildPhase section */
		58B511D81A9E6C8500147676 /* Frameworks */ = {
			isa = PBXFrameworksBuildPhase;
			buildActionMask = 2147483647;
			files = (
				111BC795A96CBBA8EBA93A2F /* libPods-ReactNativeCyber.a in Frameworks */,
			);
			runOnlyForDeploymentPostprocessing = 0;
		};
/* End PBXFrameworksBuildPhase section */

/* Begin PBXGroup section */
		0789B18F56133C21AB184735 /* Frameworks */ = {
			isa = PBXGroup;
			children = (
				F223B65F1657331FEE4B6A30 /* libPods-ReactNativeCyber.a */,
			);
			name = Frameworks;
			sourceTree = "<group>";
		};
		134814211AA4EA7D00B7C361 /* Products */ = {
			isa = PBXGroup;
			children = (
				134814201AA4EA6300B7C361 /* libReactNativeCyber.a */,
			);
			name = Products;
			sourceTree = "<group>";
		};
		3978770C631B67B4B2B32669 /* Pods */ = {
			isa = PBXGroup;
			children = (
				F4219AA9D5F18730A128624F /* Pods-ReactNativeCyber.debug.xcconfig */,
				8E3F8AEAF61A20FE5C6D60D6 /* Pods-ReactNativeCyber.release.xcconfig */,
			);
			path = Pods;
			sourceTree = "<group>";
		};
		58B511D21A9E6C8500147676 = {
			isa = PBXGroup;
			children = (
				DF2DA26E2A82704700F1A0B6 /* Cybersource */,
				F4FF95D6245B92E800C19C63 /* ReactNativeCyber.swift */,
				B3E7B5891CC2AC0600A0062D /* ReactNativeCyber.m */,
				F4FF95D5245B92E700C19C63 /* ReactNativeCyber-Bridging-Header.h */,
				134814211AA4EA7D00B7C361 /* Products */,
				3978770C631B67B4B2B32669 /* Pods */,
				0789B18F56133C21AB184735 /* Frameworks */,
			);
			sourceTree = "<group>";
		};
		DF2DA26E2A82704700F1A0B6 /* Cybersource */ = {
			isa = PBXGroup;
			children = (
				DF2DA26F2A82704700F1A0B6 /* ViewController.swift */,
				DF2DA2702A82704700F1A0B6 /* CaptureContext.swift */,
				DF2DA2712A82704700F1A0B6 /* Capture Context */,
				DF2DA2822A82704700F1A0B6 /* Utilities */,
				DF2DA2862A82704700F1A0B6 /* TokenResponseViewController.swift */,
				DF2DA2872A82704700F1A0B6 /* SceneDelegate.swift */,
			);
			path = Cybersource;
			sourceTree = "<group>";
		};
		DF2DA2712A82704700F1A0B6 /* Capture Context */ = {
			isa = PBXGroup;
			children = (
				DF2DA2722A82704700F1A0B6 /* FlexCaptureContext.swift */,
				DF2DA2732A82704700F1A0B6 /* URLSessionHTTPClient.swift */,
				DF2DA2742A82704700F1A0B6 /* SessionDataMapper.swift */,
				DF2DA2752A82704700F1A0B6 /* HTTPSignature */,
				DF2DA27A2A82704700F1A0B6 /* RemoteSessionData.swift */,
				DF2DA27B2A82704700F1A0B6 /* HTTPClient.swift */,
				DF2DA27C2A82704700F1A0B6 /* FlexSessionCreator.swift */,
				DF2DA27D2A82704700F1A0B6 /* DataModel */,
				DF2DA2812A82704700F1A0B6 /* SessionData.swift */,
			);
			path = "Capture Context";
			sourceTree = "<group>";
		};
		DF2DA2752A82704700F1A0B6 /* HTTPSignature */ = {
			isa = PBXGroup;
			children = (
				DF2DA2762A82704700F1A0B6 /* HTTPSignature.swift */,
				DF2DA2772A82704700F1A0B6 /* SignatureGenerator.swift */,
				DF2DA2782A82704700F1A0B6 /* PayloadUtility.swift */,
				DF2DA2792A82704700F1A0B6 /* PayloadDigest.swift */,
			);
			path = HTTPSignature;
			sourceTree = "<group>";
		};
		DF2DA27D2A82704700F1A0B6 /* DataModel */ = {
			isa = PBXGroup;
			children = (
				DF2DA27E2A82704700F1A0B6 /* Environment.swift */,
				DF2DA27F2A82704700F1A0B6 /* ApiConfig.swift */,
				DF2DA2802A82704700F1A0B6 /* CaptureContextData.swift */,
			);
			path = DataModel;
			sourceTree = "<group>";
		};
		DF2DA2822A82704700F1A0B6 /* Utilities */ = {
			isa = PBXGroup;
			children = (
				DF2DA2832A82704700F1A0B6 /* Constants.swift */,
				DF2DA2842A82704700F1A0B6 /* FlexSDKCardFieldsValidator.swift */,
				DF2DA2852A82704700F1A0B6 /* FlexSDKStringValidator.swift */,
			);
			path = Utilities;
			sourceTree = "<group>";
		};
/* End PBXGroup section */

/* Begin PBXNativeTarget section */
		58B511DA1A9E6C8500147676 /* ReactNativeCyber */ = {
			isa = PBXNativeTarget;
			buildConfigurationList = 58B511EF1A9E6C8500147676 /* Build configuration list for PBXNativeTarget "ReactNativeCyber" */;
			buildPhases = (
				4E8AFC097005C3E607D95F8C /* [CP] Check Pods Manifest.lock */,
				58B511D71A9E6C8500147676 /* Sources */,
				58B511D81A9E6C8500147676 /* Frameworks */,
				58B511D91A9E6C8500147676 /* CopyFiles */,
			);
			buildRules = (
			);
			dependencies = (
			);
			name = ReactNativeCyber;
			productName = RCTDataManager;
			productReference = 134814201AA4EA6300B7C361 /* libReactNativeCyber.a */;
			productType = "com.apple.product-type.library.static";
		};
/* End PBXNativeTarget section */

/* Begin PBXProject section */
		58B511D31A9E6C8500147676 /* Project object */ = {
			isa = PBXProject;
			attributes = {
				LastUpgradeCheck = 0920;
				ORGANIZATIONNAME = Facebook;
				TargetAttributes = {
					58B511DA1A9E6C8500147676 = {
						CreatedOnToolsVersion = 6.1.1;
					};
				};
			};
			buildConfigurationList = 58B511D61A9E6C8500147676 /* Build configuration list for PBXProject "ReactNativeCyber" */;
			compatibilityVersion = "Xcode 3.2";
			developmentRegion = English;
			hasScannedForEncodings = 0;
			knownRegions = (
				English,
				en,
			);
			mainGroup = 58B511D21A9E6C8500147676;
			productRefGroup = 58B511D21A9E6C8500147676;
			projectDirPath = "";
			projectRoot = "";
			targets = (
				58B511DA1A9E6C8500147676 /* ReactNativeCyber */,
			);
		};
/* End PBXProject section */

/* Begin PBXShellScriptBuildPhase section */
		4E8AFC097005C3E607D95F8C /* [CP] Check Pods Manifest.lock */ = {
			isa = PBXShellScriptBuildPhase;
			buildActionMask = 2147483647;
			files = (
			);
			inputFileListPaths = (
			);
			inputPaths = (
				"${PODS_PODFILE_DIR_PATH}/Podfile.lock",
				"${PODS_ROOT}/Manifest.lock",
			);
			name = "[CP] Check Pods Manifest.lock";
			outputFileListPaths = (
			);
			outputPaths = (
				"$(DERIVED_FILE_DIR)/Pods-ReactNativeCyber-checkManifestLockResult.txt",
			);
			runOnlyForDeploymentPostprocessing = 0;
			shellPath = /bin/sh;
			shellScript = "diff \"${PODS_PODFILE_DIR_PATH}/Podfile.lock\" \"${PODS_ROOT}/Manifest.lock\" > /dev/null\nif [ $? != 0 ] ; then\n    # print error to STDERR\n    echo \"error: The sandbox is not in sync with the Podfile.lock. Run 'pod install' or update your CocoaPods installation.\" >&2\n    exit 1\nfi\n# This output is used by Xcode 'outputs' to avoid re-running this script phase.\necho \"SUCCESS\" > \"${SCRIPT_OUTPUT_FILE_0}\"\n";
			showEnvVarsInLog = 0;
		};
/* End PBXShellScriptBuildPhase section */

/* Begin PBXSourcesBuildPhase section */
		58B511D71A9E6C8500147676 /* Sources */ = {
			isa = PBXSourcesBuildPhase;
			buildActionMask = 2147483647;
			files = (
				DF2DA2882A82704700F1A0B6 /* ViewController.swift in Sources */,
				DF2DA28F2A82704700F1A0B6 /* PayloadUtility.swift in Sources */,
				DF2DA2922A82704700F1A0B6 /* HTTPClient.swift in Sources */,
				DF2DA2942A82704700F1A0B6 /* Environment.swift in Sources */,
				DF2DA2972A82704700F1A0B6 /* SessionData.swift in Sources */,
				DF2DA2902A82704700F1A0B6 /* PayloadDigest.swift in Sources */,
				DF2DA2952A82704700F1A0B6 /* ApiConfig.swift in Sources */,
				DF2DA29C2A82704700F1A0B6 /* SceneDelegate.swift in Sources */,
				DF2DA2962A82704700F1A0B6 /* CaptureContextData.swift in Sources */,
				DF2DA28B2A82704700F1A0B6 /* URLSessionHTTPClient.swift in Sources */,
				DF2DA29A2A82704700F1A0B6 /* FlexSDKStringValidator.swift in Sources */,
				DF2DA2892A82704700F1A0B6 /* CaptureContext.swift in Sources */,
				DF2DA28D2A82704700F1A0B6 /* HTTPSignature.swift in Sources */,
				DF2DA2992A82704700F1A0B6 /* FlexSDKCardFieldsValidator.swift in Sources */,
				DF2DA28E2A82704700F1A0B6 /* SignatureGenerator.swift in Sources */,
				DF2DA28C2A82704700F1A0B6 /* SessionDataMapper.swift in Sources */,
				DF2DA2932A82704700F1A0B6 /* FlexSessionCreator.swift in Sources */,
				F4FF95D7245B92E800C19C63 /* ReactNativeCyber.swift in Sources */,
				DF2DA29B2A82704700F1A0B6 /* TokenResponseViewController.swift in Sources */,
				DF2DA28A2A82704700F1A0B6 /* FlexCaptureContext.swift in Sources */,
				DF2DA2912A82704700F1A0B6 /* RemoteSessionData.swift in Sources */,
				DF2DA2982A82704700F1A0B6 /* Constants.swift in Sources */,
			);
			runOnlyForDeploymentPostprocessing = 0;
		};
/* End PBXSourcesBuildPhase section */

/* Begin XCBuildConfiguration section */
		58B511ED1A9E6C8500147676 /* Debug */ = {
			isa = XCBuildConfiguration;
			buildSettings = {
				ALWAYS_SEARCH_USER_PATHS = NO;
				CLANG_CXX_LANGUAGE_STANDARD = "gnu++0x";
				CLANG_CXX_LIBRARY = "libc++";
				CLANG_ENABLE_MODULES = YES;
				CLANG_ENABLE_OBJC_ARC = YES;
				CLANG_WARN_BLOCK_CAPTURE_AUTORELEASING = YES;
				CLANG_WARN_BOOL_CONVERSION = YES;
				CLANG_WARN_COMMA = YES;
				CLANG_WARN_CONSTANT_CONVERSION = YES;
				CLANG_WARN_DIRECT_OBJC_ISA_USAGE = YES_ERROR;
				CLANG_WARN_EMPTY_BODY = YES;
				CLANG_WARN_ENUM_CONVERSION = YES;
				CLANG_WARN_INFINITE_RECURSION = YES;
				CLANG_WARN_INT_CONVERSION = YES;
				CLANG_WARN_NON_LITERAL_NULL_CONVERSION = YES;
				CLANG_WARN_OBJC_LITERAL_CONVERSION = YES;
				CLANG_WARN_OBJC_ROOT_CLASS = YES_ERROR;
				CLANG_WARN_RANGE_LOOP_ANALYSIS = YES;
				CLANG_WARN_STRICT_PROTOTYPES = YES;
				CLANG_WARN_SUSPICIOUS_MOVE = YES;
				CLANG_WARN_UNREACHABLE_CODE = YES;
				CLANG_WARN__DUPLICATE_METHOD_MATCH = YES;
				COPY_PHASE_STRIP = NO;
				ENABLE_STRICT_OBJC_MSGSEND = YES;
				ENABLE_TESTABILITY = YES;
				"EXCLUDED_ARCHS[sdk=*]" = arm64;
				GCC_C_LANGUAGE_STANDARD = gnu99;
				GCC_DYNAMIC_NO_PIC = NO;
				GCC_NO_COMMON_BLOCKS = YES;
				GCC_OPTIMIZATION_LEVEL = 0;
				GCC_PREPROCESSOR_DEFINITIONS = (
					"DEBUG=1",
					"$(inherited)",
				);
				GCC_SYMBOLS_PRIVATE_EXTERN = NO;
				GCC_WARN_64_TO_32_BIT_CONVERSION = YES;
				GCC_WARN_ABOUT_RETURN_TYPE = YES_ERROR;
				GCC_WARN_UNDECLARED_SELECTOR = YES;
				GCC_WARN_UNINITIALIZED_AUTOS = YES_AGGRESSIVE;
				GCC_WARN_UNUSED_FUNCTION = YES;
				GCC_WARN_UNUSED_VARIABLE = YES;
				IPHONEOS_DEPLOYMENT_TARGET = 13.0;
				MTL_ENABLE_DEBUG_INFO = YES;
				ONLY_ACTIVE_ARCH = YES;
				SDKROOT = iphoneos;
			};
			name = Debug;
		};
		58B511EE1A9E6C8500147676 /* Release */ = {
			isa = XCBuildConfiguration;
			buildSettings = {
				ALWAYS_SEARCH_USER_PATHS = NO;
				CLANG_CXX_LANGUAGE_STANDARD = "gnu++0x";
				CLANG_CXX_LIBRARY = "libc++";
				CLANG_ENABLE_MODULES = YES;
				CLANG_ENABLE_OBJC_ARC = YES;
				CLANG_WARN_BLOCK_CAPTURE_AUTORELEASING = YES;
				CLANG_WARN_BOOL_CONVERSION = YES;
				CLANG_WARN_COMMA = YES;
				CLANG_WARN_CONSTANT_CONVERSION = YES;
				CLANG_WARN_DIRECT_OBJC_ISA_USAGE = YES_ERROR;
				CLANG_WARN_EMPTY_BODY = YES;
				CLANG_WARN_ENUM_CONVERSION = YES;
				CLANG_WARN_INFINITE_RECURSION = YES;
				CLANG_WARN_INT_CONVERSION = YES;
				CLANG_WARN_NON_LITERAL_NULL_CONVERSION = YES;
				CLANG_WARN_OBJC_LITERAL_CONVERSION = YES;
				CLANG_WARN_OBJC_ROOT_CLASS = YES_ERROR;
				CLANG_WARN_RANGE_LOOP_ANALYSIS = YES;
				CLANG_WARN_STRICT_PROTOTYPES = YES;
				CLANG_WARN_SUSPICIOUS_MOVE = YES;
				CLANG_WARN_UNREACHABLE_CODE = YES;
				CLANG_WARN__DUPLICATE_METHOD_MATCH = YES;
				COPY_PHASE_STRIP = YES;
				ENABLE_NS_ASSERTIONS = NO;
				ENABLE_STRICT_OBJC_MSGSEND = YES;
				"EXCLUDED_ARCHS[sdk=*]" = arm64;
				GCC_C_LANGUAGE_STANDARD = gnu99;
				GCC_NO_COMMON_BLOCKS = YES;
				GCC_WARN_64_TO_32_BIT_CONVERSION = YES;
				GCC_WARN_ABOUT_RETURN_TYPE = YES_ERROR;
				GCC_WARN_UNDECLARED_SELECTOR = YES;
				GCC_WARN_UNINITIALIZED_AUTOS = YES_AGGRESSIVE;
				GCC_WARN_UNUSED_FUNCTION = YES;
				GCC_WARN_UNUSED_VARIABLE = YES;
				IPHONEOS_DEPLOYMENT_TARGET = 13.0;
				MTL_ENABLE_DEBUG_INFO = NO;
				SDKROOT = iphoneos;
				VALIDATE_PRODUCT = YES;
			};
			name = Release;
		};
		58B511F01A9E6C8500147676 /* Debug */ = {
			isa = XCBuildConfiguration;
			baseConfigurationReference = F4219AA9D5F18730A128624F /* Pods-ReactNativeCyber.debug.xcconfig */;
			buildSettings = {
				HEADER_SEARCH_PATHS = (
					"$(inherited)",
					/Applications/Xcode.app/Contents/Developer/Toolchains/XcodeDefault.xctoolchain/usr/include,
					"$(SRCROOT)/../../../React/**",
					"$(SRCROOT)/../../react-native/React/**",
				);
				LIBRARY_SEARCH_PATHS = "$(inherited)";
				OTHER_LDFLAGS = "-ObjC";
				PRODUCT_NAME = ReactNativeCyber;
				SKIP_INSTALL = YES;
				SWIFT_OBJC_BRIDGING_HEADER = "ReactNativeCyber-Bridging-Header.h";
				SWIFT_OPTIMIZATION_LEVEL = "-Onone";
				SWIFT_VERSION = 5.0;
			};
			name = Debug;
		};
		58B511F11A9E6C8500147676 /* Release */ = {
			isa = XCBuildConfiguration;
			baseConfigurationReference = 8E3F8AEAF61A20FE5C6D60D6 /* Pods-ReactNativeCyber.release.xcconfig */;
			buildSettings = {
				HEADER_SEARCH_PATHS = (
					"$(inherited)",
					/Applications/Xcode.app/Contents/Developer/Toolchains/XcodeDefault.xctoolchain/usr/include,
					"$(SRCROOT)/../../../React/**",
					"$(SRCROOT)/../../react-native/React/**",
				);
				LIBRARY_SEARCH_PATHS = "$(inherited)";
				OTHER_LDFLAGS = "-ObjC";
				PRODUCT_NAME = ReactNativeCyber;
				SKIP_INSTALL = YES;
				SWIFT_OBJC_BRIDGING_HEADER = "ReactNativeCyber-Bridging-Header.h";
				SWIFT_VERSION = 5.0;
			};
			name = Release;
		};
/* End XCBuildConfiguration section */

/* Begin XCConfigurationList section */
		58B511D61A9E6C8500147676 /* Build configuration list for PBXProject "ReactNativeCyber" */ = {
			isa = XCConfigurationList;
			buildConfigurations = (
				58B511ED1A9E6C8500147676 /* Debug */,
				58B511EE1A9E6C8500147676 /* Release */,
			);
			defaultConfigurationIsVisible = 0;
			defaultConfigurationName = Release;
		};
		58B511EF1A9E6C8500147676 /* Build configuration list for PBXNativeTarget "ReactNativeCyber" */ = {
			isa = XCConfigurationList;
			buildConfigurations = (
				58B511F01A9E6C8500147676 /* Debug */,
				58B511F11A9E6C8500147676 /* Release */,
			);
			defaultConfigurationIsVisible = 0;
			defaultConfigurationName = Release;
		};
/* End XCConfigurationList section */
	};
	rootObject = 58B511D31A9E6C8500147676 /* Project object */;
}
